
Microsoft Visual Studio Solution File, Format Version 12.00
# Visual Studio 15
VisualStudioVersion = 15.0.27428.2015
MinimumVisualStudioVersion = 10.0.40219.1
Project("{FAE04EC0-301F-11D3-BF4B-00C04F79EFBC}") = "TrentUtil", "TrentUtil\TrentUtil.csproj", "{BAB6D837-625C-49A2-98C8-64DCE5B03C29}"
EndProject
Global
	GlobalSection(SolutionConfigurationPlatforms) = preSolution
		Debug|Any CPU = Debug|Any CPU
		Release|Any CPU = Release|Any CPU
	EndGlobalSection
	GlobalSection(ProjectConfigurationPlatforms) = postSolution
		{BAB6D837-625C-49A2-98C8-64DCE5B03C29}.Debug|Any CPU.ActiveCfg = Debug|Any CPU
		{BAB6D837-625C-49A2-98C8-64DCE5B03C29}.Debug|Any CPU.Build.0 = Debug|Any CPU
		{BAB6D837-625C-49A2-98C8-64DCE5B03C29}.Release|Any CPU.ActiveCfg = Release|Any CPU
		{BAB6D837-625C-49A2-98C8-64DCE5B03C29}.Release|Any CPU.Build.0 = Release|Any CPU
	EndGlobalSection
	GlobalSection(SolutionProperties) = preSolution
		HideSolutionNode = FALSE
	EndGlobalSection
	GlobalSection(ExtensibilityGlobals) = postSolution
		SolutionGuid = {4484ABF2-4317-4FD0-84A2-5026B9E3248B}
	EndGlobalSection
EndGlobal
